
Microsoft Visual Studio Solution File, Format Version 12.00
# Visual Studio Version 16
VisualStudioVersion = 16.0.29930.152
MinimumVisualStudioVersion = 10.0.40219.1
Project("{FAE04EC0-301F-11D3-BF4B-00C04F79EFBC}") = "BadgeGenerator", "BadgeGenerator\BadgeGenerator.csproj", "{3AEFE2BC-EB95-4B32-A6CA-493850452866}"
EndProject
Project("{FAE04EC0-301F-11D3-BF4B-00C04F79EFBC}") = "BadgeGeneratorApp", "BadgeGeneratorApp\BadgeGeneratorApp.csproj", "{4A7E23D8-25D9-465D-92E2-F594424B25A0}"
EndProject
Global
	GlobalSection(SolutionConfigurationPlatforms) = preSolution
		Debug|Any CPU = Debug|Any CPU
		Release|Any CPU = Release|Any CPU
	EndGlobalSection
	GlobalSection(ProjectConfigurationPlatforms) = postSolution
		{3AEFE2BC-EB95-4B32-A6CA-493850452866}.Debug|Any CPU.ActiveCfg = Debug|Any CPU
		{3AEFE2BC-EB95-4B32-A6CA-493850452866}.Debug|Any CPU.Build.0 = Debug|Any CPU
		{3AEFE2BC-EB95-4B32-A6CA-493850452866}.Release|Any CPU.ActiveCfg = Release|Any CPU
		{3AEFE2BC-EB95-4B32-A6CA-493850452866}.Release|Any CPU.Build.0 = Release|Any CPU
		{4A7E23D8-25D9-465D-92E2-F594424B25A0}.Debug|Any CPU.ActiveCfg = Debug|Any CPU
		{4A7E23D8-25D9-465D-92E2-F594424B25A0}.Debug|Any CPU.Build.0 = Debug|Any CPU
		{4A7E23D8-25D9-465D-92E2-F594424B25A0}.Release|Any CPU.ActiveCfg = Release|Any CPU
		{4A7E23D8-25D9-465D-92E2-F594424B25A0}.Release|Any CPU.Build.0 = Release|Any CPU
	EndGlobalSection
	GlobalSection(SolutionProperties) = preSolution
		HideSolutionNode = FALSE
	EndGlobalSection
	GlobalSection(ExtensibilityGlobals) = postSolution
		SolutionGuid = {74951CC4-1D3D-42CD-9422-851BEE8A949C}
	EndGlobalSection
EndGlobal
